// !$*UTF8*$!
{
	archiveVersion = 1;
	classes = {
	};
	objectVersion = 56;
	objects = {

/* Begin PBXBuildFile section */
		8A338E79290971D90096209E /* Level4View.swift in Sources */ = {isa = PBXBuildFile; fileRef = 8A338E78290971D90096209E /* Level4View.swift */; };
		8A338E7D290973360096209E /* LevelSixView.swift in Sources */ = {isa = PBXBuildFile; fileRef = 8A338E7C290973360096209E /* LevelSixView.swift */; };
		8AE8CFDF28FECAFE00153BE3 /* VidaDeInsetoApp.swift in Sources */ = {isa = PBXBuildFile; fileRef = 8AE8CFDE28FECAFE00153BE3 /* VidaDeInsetoApp.swift */; };
		8AE8CFE128FECAFE00153BE3 /* ContentView.swift in Sources */ = {isa = PBXBuildFile; fileRef = 8AE8CFE028FECAFE00153BE3 /* ContentView.swift */; };
		8AE8CFE328FECAFF00153BE3 /* Assets.xcassets in Resources */ = {isa = PBXBuildFile; fileRef = 8AE8CFE228FECAFF00153BE3 /* Assets.xcassets */; };
		8AE8CFE628FECAFF00153BE3 /* Preview Assets.xcassets in Resources */ = {isa = PBXBuildFile; fileRef = 8AE8CFE528FECAFF00153BE3 /* Preview Assets.xcassets */; };
		BD3031EF2906BAE300AAC788 /* LevelOneView.swift in Sources */ = {isa = PBXBuildFile; fileRef = BD3031EE2906BAE300AAC788 /* LevelOneView.swift */; };
		BD3031F12906BBA600AAC788 /* FoodImageUIView.swift in Sources */ = {isa = PBXBuildFile; fileRef = BD3031F02906BBA600AAC788 /* FoodImageUIView.swift */; };
		FCD295FF29100D230081E244 /* AudioManager.swift in Sources */ = {isa = PBXBuildFile; fileRef = FCD295FE29100D230081E244 /* AudioManager.swift */; };
		FCD2960129100DF30081E244 /* ForestAudio.m4a in Resources */ = {isa = PBXBuildFile; fileRef = FCD2960029100DF30081E244 /* ForestAudio.m4a */; };
		FCE58F8D2909D890005BBCB1 /* LevelTwoView.swift in Sources */ = {isa = PBXBuildFile; fileRef = FCE58F8C2909D890005BBCB1 /* LevelTwoView.swift */; };
/* End PBXBuildFile section */

/* Begin PBXFileReference section */
		8A338E78290971D90096209E /* Level4View.swift */ = {isa = PBXFileReference; fileEncoding = 4; lastKnownFileType = sourcecode.swift; name = Level4View.swift; path = VidaDeInseto/Level4View.swift; sourceTree = SOURCE_ROOT; };
		8A338E7C290973360096209E /* LevelSixView.swift */ = {isa = PBXFileReference; lastKnownFileType = sourcecode.swift; path = LevelSixView.swift; sourceTree = "<group>"; };
		8AE8CFDB28FECAFE00153BE3 /* VidaDeInseto.app */ = {isa = PBXFileReference; explicitFileType = wrapper.application; includeInIndex = 0; path = VidaDeInseto.app; sourceTree = BUILT_PRODUCTS_DIR; };
		8AE8CFDE28FECAFE00153BE3 /* VidaDeInsetoApp.swift */ = {isa = PBXFileReference; lastKnownFileType = sourcecode.swift; path = VidaDeInsetoApp.swift; sourceTree = "<group>"; };
		8AE8CFE028FECAFE00153BE3 /* ContentView.swift */ = {isa = PBXFileReference; lastKnownFileType = sourcecode.swift; path = ContentView.swift; sourceTree = "<group>"; };
		8AE8CFE228FECAFF00153BE3 /* Assets.xcassets */ = {isa = PBXFileReference; lastKnownFileType = folder.assetcatalog; path = Assets.xcassets; sourceTree = "<group>"; };
		8AE8CFE528FECAFF00153BE3 /* Preview Assets.xcassets */ = {isa = PBXFileReference; lastKnownFileType = folder.assetcatalog; path = "Preview Assets.xcassets"; sourceTree = "<group>"; };
		BD3031EE2906BAE300AAC788 /* LevelOneView.swift */ = {isa = PBXFileReference; lastKnownFileType = sourcecode.swift; path = LevelOneView.swift; sourceTree = "<group>"; };
		BD3031F02906BBA600AAC788 /* FoodImageUIView.swift */ = {isa = PBXFileReference; lastKnownFileType = sourcecode.swift; path = FoodImageUIView.swift; sourceTree = "<group>"; };
		FCD295FE29100D230081E244 /* AudioManager.swift */ = {isa = PBXFileReference; lastKnownFileType = sourcecode.swift; path = AudioManager.swift; sourceTree = "<group>"; };
		FCD2960029100DF30081E244 /* ForestAudio.m4a */ = {isa = PBXFileReference; lastKnownFileType = file; path = ForestAudio.m4a; sourceTree = "<group>"; };
		FCE58F8C2909D890005BBCB1 /* LevelTwoView.swift */ = {isa = PBXFileReference; lastKnownFileType = sourcecode.swift; path = LevelTwoView.swift; sourceTree = "<group>"; };
/* End PBXFileReference section */

/* Begin PBXFrameworksBuildPhase section */
		8AE8CFD828FECAFE00153BE3 /* Frameworks */ = {
			isa = PBXFrameworksBuildPhase;
			buildActionMask = 2147483647;
			files = (
			);
			runOnlyForDeploymentPostprocessing = 0;
		};
/* End PBXFrameworksBuildPhase section */

/* Begin PBXGroup section */
		8AE8CFD228FECAFE00153BE3 = {
			isa = PBXGroup;
			children = (
				8AE8CFDD28FECAFE00153BE3 /* VidaDeInseto */,
				8AE8CFDC28FECAFE00153BE3 /* Products */,
			);
			sourceTree = "<group>";
		};
		8AE8CFDC28FECAFE00153BE3 /* Products */ = {
			isa = PBXGroup;
			children = (
				8AE8CFDB28FECAFE00153BE3 /* VidaDeInseto.app */,
			);
			name = Products;
			sourceTree = "<group>";
		};
		8AE8CFDD28FECAFE00153BE3 /* VidaDeInseto */ = {
			isa = PBXGroup;
			children = (
				8AE8CFDE28FECAFE00153BE3 /* VidaDeInsetoApp.swift */,
				8A338E7C290973360096209E /* LevelSixView.swift */,
				8AE8CFE028FECAFE00153BE3 /* ContentView.swift */,
				BD3031EE2906BAE300AAC788 /* LevelOneView.swift */,
				FCD295FE29100D230081E244 /* AudioManager.swift */,
				BD3031F02906BBA600AAC788 /* FoodImageUIView.swift */,
				FCE58F8C2909D890005BBCB1 /* LevelTwoView.swift */,
				8A338E78290971D90096209E /* Level4View.swift */,
				8AE8CFE228FECAFF00153BE3 /* Assets.xcassets */,
				FCD2960029100DF30081E244 /* ForestAudio.m4a */,
				8AE8CFE428FECAFF00153BE3 /* Preview Content */,
			);
			path = VidaDeInseto;
			sourceTree = "<group>";
		};
		8AE8CFE428FECAFF00153BE3 /* Preview Content */ = {
			isa = PBXGroup;
			children = (
				8AE8CFE528FECAFF00153BE3 /* Preview Assets.xcassets */,
			);
			path = "Preview Content";
			sourceTree = "<group>";
		};
/* End PBXGroup section */

/* Begin PBXNativeTarget section */
		8AE8CFDA28FECAFE00153BE3 /* VidaDeInseto */ = {
			isa = PBXNativeTarget;
			buildConfigurationList = 8AE8CFE928FECAFF00153BE3 /* Build configuration list for PBXNativeTarget "VidaDeInseto" */;
			buildPhases = (
				8AE8CFD728FECAFE00153BE3 /* Sources */,
				8AE8CFD828FECAFE00153BE3 /* Frameworks */,
				8AE8CFD928FECAFE00153BE3 /* Resources */,
			);
			buildRules = (
			);
			dependencies = (
			);
			name = VidaDeInseto;
			productName = VidaDeInseto;
			productReference = 8AE8CFDB28FECAFE00153BE3 /* VidaDeInseto.app */;
			productType = "com.apple.product-type.application";
		};
/* End PBXNativeTarget section */

/* Begin PBXProject section */
		8AE8CFD328FECAFE00153BE3 /* Project object */ = {
			isa = PBXProject;
			attributes = {
				BuildIndependentTargetsInParallel = 1;
				LastSwiftUpdateCheck = 1400;
				LastUpgradeCheck = 1400;
				TargetAttributes = {
					8AE8CFDA28FECAFE00153BE3 = {
						CreatedOnToolsVersion = 14.0.1;
					};
				};
			};
			buildConfigurationList = 8AE8CFD628FECAFE00153BE3 /* Build configuration list for PBXProject "VidaDeInseto" */;
			compatibilityVersion = "Xcode 14.0";
			developmentRegion = en;
			hasScannedForEncodings = 0;
			knownRegions = (
				en,
				Base,
			);
			mainGroup = 8AE8CFD228FECAFE00153BE3;
			productRefGroup = 8AE8CFDC28FECAFE00153BE3 /* Products */;
			projectDirPath = "";
			projectRoot = "";
			targets = (
				8AE8CFDA28FECAFE00153BE3 /* VidaDeInseto */,
			);
		};
/* End PBXProject section */

/* Begin PBXResourcesBuildPhase section */
		8AE8CFD928FECAFE00153BE3 /* Resources */ = {
			isa = PBXResourcesBuildPhase;
			buildActionMask = 2147483647;
			files = (
				FCD2960129100DF30081E244 /* ForestAudio.m4a in Resources */,
				8AE8CFE628FECAFF00153BE3 /* Preview Assets.xcassets in Resources */,
				8AE8CFE328FECAFF00153BE3 /* Assets.xcassets in Resources */,
			);
			runOnlyForDeploymentPostprocessing = 0;
		};
/* End PBXResourcesBuildPhase section */

/* Begin PBXSourcesBuildPhase section */
		8AE8CFD728FECAFE00153BE3 /* Sources */ = {
			isa = PBXSourcesBuildPhase;
			buildActionMask = 2147483647;
			files = (
				8A338E7D290973360096209E /* LevelSixView.swift in Sources */,
				FCE58F8D2909D890005BBCB1 /* LevelTwoView.swift in Sources */,
				FCD295FF29100D230081E244 /* AudioManager.swift in Sources */,
				BD3031F12906BBA600AAC788 /* FoodImageUIView.swift in Sources */,
				8AE8CFE128FECAFE00153BE3 /* ContentView.swift in Sources */,
				8AE8CFDF28FECAFE00153BE3 /* VidaDeInsetoApp.swift in Sources */,
				8A338E79290971D90096209E /* Level4View.swift in Sources */,
				BD3031EF2906BAE300AAC788 /* LevelOneView.swift in Sources */,
			);
			runOnlyForDeploymentPostprocessing = 0;
		};
/* End PBXSourcesBuildPhase section */

/* Begin XCBuildConfiguration section */
		8AE8CFE728FECAFF00153BE3 /* Debug */ = {
			isa = XCBuildConfiguration;
			buildSettings = {
				ALWAYS_SEARCH_USER_PATHS = NO;
				CLANG_ANALYZER_NONNULL = YES;
				CLANG_ANALYZER_NUMBER_OBJECT_CONVERSION = YES_AGGRESSIVE;
				CLANG_CXX_LANGUAGE_STANDARD = "gnu++20";
				CLANG_ENABLE_MODULES = YES;
				CLANG_ENABLE_OBJC_ARC = YES;
				CLANG_ENABLE_OBJC_WEAK = YES;
				CLANG_WARN_BLOCK_CAPTURE_AUTORELEASING = YES;
				CLANG_WARN_BOOL_CONVERSION = YES;
				CLANG_WARN_COMMA = YES;
				CLANG_WARN_CONSTANT_CONVERSION = YES;
				CLANG_WARN_DEPRECATED_OBJC_IMPLEMENTATIONS = YES;
				CLANG_WARN_DIRECT_OBJC_ISA_USAGE = YES_ERROR;
				CLANG_WARN_DOCUMENTATION_COMMENTS = YES;
				CLANG_WARN_EMPTY_BODY = YES;
				CLANG_WARN_ENUM_CONVERSION = YES;
				CLANG_WARN_INFINITE_RECURSION = YES;
				CLANG_WARN_INT_CONVERSION = YES;
				CLANG_WARN_NON_LITERAL_NULL_CONVERSION = YES;
				CLANG_WARN_OBJC_IMPLICIT_RETAIN_SELF = YES;
				CLANG_WARN_OBJC_LITERAL_CONVERSION = YES;
				CLANG_WARN_OBJC_ROOT_CLASS = YES_ERROR;
				CLANG_WARN_QUOTED_INCLUDE_IN_FRAMEWORK_HEADER = YES;
				CLANG_WARN_RANGE_LOOP_ANALYSIS = YES;
				CLANG_WARN_STRICT_PROTOTYPES = YES;
				CLANG_WARN_SUSPICIOUS_MOVE = YES;
				CLANG_WARN_UNGUARDED_AVAILABILITY = YES_AGGRESSIVE;
				CLANG_WARN_UNREACHABLE_CODE = YES;
				CLANG_WARN__DUPLICATE_METHOD_MATCH = YES;
				COPY_PHASE_STRIP = NO;
				DEBUG_INFORMATION_FORMAT = dwarf;
				ENABLE_STRICT_OBJC_MSGSEND = YES;
				ENABLE_TESTABILITY = YES;
				GCC_C_LANGUAGE_STANDARD = gnu11;
				GCC_DYNAMIC_NO_PIC = NO;
				GCC_NO_COMMON_BLOCKS = YES;
				GCC_OPTIMIZATION_LEVEL = 0;
				GCC_PREPROCESSOR_DEFINITIONS = (
					"DEBUG=1",
					"$(inherited)",
				);
				GCC_WARN_64_TO_32_BIT_CONVERSION = YES;
				GCC_WARN_ABOUT_RETURN_TYPE = YES_ERROR;
				GCC_WARN_UNDECLARED_SELECTOR = YES;
				GCC_WARN_UNINITIALIZED_AUTOS = YES_AGGRESSIVE;
				GCC_WARN_UNUSED_FUNCTION = YES;
				GCC_WARN_UNUSED_VARIABLE = YES;
				IPHONEOS_DEPLOYMENT_TARGET = 16.0;
				MTL_ENABLE_DEBUG_INFO = INCLUDE_SOURCE;
				MTL_FAST_MATH = YES;
				ONLY_ACTIVE_ARCH = YES;
				SDKROOT = iphoneos;
				SWIFT_ACTIVE_COMPILATION_CONDITIONS = DEBUG;
				SWIFT_OPTIMIZATION_LEVEL = "-Onone";
			};
			name = Debug;
		};
		8AE8CFE828FECAFF00153BE3 /* Release */ = {
			isa = XCBuildConfiguration;
			buildSettings = {
				ALWAYS_SEARCH_USER_PATHS = NO;
				CLANG_ANALYZER_NONNULL = YES;
				CLANG_ANALYZER_NUMBER_OBJECT_CONVERSION = YES_AGGRESSIVE;
				CLANG_CXX_LANGUAGE_STANDARD = "gnu++20";
				CLANG_ENABLE_MODULES = YES;
				CLANG_ENABLE_OBJC_ARC = YES;
				CLANG_ENABLE_OBJC_WEAK = YES;
				CLANG_WARN_BLOCK_CAPTURE_AUTORELEASING = YES;
				CLANG_WARN_BOOL_CONVERSION = YES;
				CLANG_WARN_COMMA = YES;
				CLANG_WARN_CONSTANT_CONVERSION = YES;
				CLANG_WARN_DEPRECATED_OBJC_IMPLEMENTATIONS = YES;
				CLANG_WARN_DIRECT_OBJC_ISA_USAGE = YES_ERROR;
				CLANG_WARN_DOCUMENTATION_COMMENTS = YES;
				CLANG_WARN_EMPTY_BODY = YES;
				CLANG_WARN_ENUM_CONVERSION = YES;
				CLANG_WARN_INFINITE_RECURSION = YES;
				CLANG_WARN_INT_CONVERSION = YES;
				CLANG_WARN_NON_LITERAL_NULL_CONVERSION = YES;
				CLANG_WARN_OBJC_IMPLICIT_RETAIN_SELF = YES;
				CLANG_WARN_OBJC_LITERAL_CONVERSION = YES;
				CLANG_WARN_OBJC_ROOT_CLASS = YES_ERROR;
				CLANG_WARN_QUOTED_INCLUDE_IN_FRAMEWORK_HEADER = YES;
				CLANG_WARN_RANGE_LOOP_ANALYSIS = YES;
				CLANG_WARN_STRICT_PROTOTYPES = YES;
				CLANG_WARN_SUSPICIOUS_MOVE = YES;
				CLANG_WARN_UNGUARDED_AVAILABILITY = YES_AGGRESSIVE;
				CLANG_WARN_UNREACHABLE_CODE = YES;
				CLANG_WARN__DUPLICATE_METHOD_MATCH = YES;
				COPY_PHASE_STRIP = NO;
				DEBUG_INFORMATION_FORMAT = "dwarf-with-dsym";
				ENABLE_NS_ASSERTIONS = NO;
				ENABLE_STRICT_OBJC_MSGSEND = YES;
				GCC_C_LANGUAGE_STANDARD = gnu11;
				GCC_NO_COMMON_BLOCKS = YES;
				GCC_WARN_64_TO_32_BIT_CONVERSION = YES;
				GCC_WARN_ABOUT_RETURN_TYPE = YES_ERROR;
				GCC_WARN_UNDECLARED_SELECTOR = YES;
				GCC_WARN_UNINITIALIZED_AUTOS = YES_AGGRESSIVE;
				GCC_WARN_UNUSED_FUNCTION = YES;
				GCC_WARN_UNUSED_VARIABLE = YES;
				IPHONEOS_DEPLOYMENT_TARGET = 16.0;
				MTL_ENABLE_DEBUG_INFO = NO;
				MTL_FAST_MATH = YES;
				SDKROOT = iphoneos;
				SWIFT_COMPILATION_MODE = wholemodule;
				SWIFT_OPTIMIZATION_LEVEL = "-O";
				VALIDATE_PRODUCT = YES;
			};
			name = Release;
		};
		8AE8CFEA28FECAFF00153BE3 /* Debug */ = {
			isa = XCBuildConfiguration;
			buildSettings = {
				ASSETCATALOG_COMPILER_APPICON_NAME = AppIcon;
				ASSETCATALOG_COMPILER_GLOBAL_ACCENT_COLOR_NAME = AccentColor;
				CODE_SIGN_STYLE = Automatic;
				CURRENT_PROJECT_VERSION = 1;
				DEVELOPMENT_ASSET_PATHS = "\"VidaDeInseto/Preview Content\"";
				DEVELOPMENT_TEAM = B7WNA79JAY;
				ENABLE_PREVIEWS = YES;
				GENERATE_INFOPLIST_FILE = YES;
				INFOPLIST_KEY_UIApplicationSceneManifest_Generation = YES;
				INFOPLIST_KEY_UIApplicationSupportsIndirectInputEvents = YES;
				INFOPLIST_KEY_UILaunchScreen_Generation = YES;
				INFOPLIST_KEY_UISupportedInterfaceOrientations_iPad = "UIInterfaceOrientationPortrait UIInterfaceOrientationPortraitUpsideDown UIInterfaceOrientationLandscapeLeft UIInterfaceOrientationLandscapeRight";
				INFOPLIST_KEY_UISupportedInterfaceOrientations_iPhone = "UIInterfaceOrientationPortrait UIInterfaceOrientationLandscapeLeft UIInterfaceOrientationLandscapeRight";
				LD_RUNPATH_SEARCH_PATHS = (
					"$(inherited)",
					"@executable_path/Frameworks",
				);
				MARKETING_VERSION = 1.0;
				PRODUCT_BUNDLE_IDENTIFIER = br.ufpe.cin.academy.VidaDeInseto;
				PRODUCT_NAME = "$(TARGET_NAME)";
				SWIFT_EMIT_LOC_STRINGS = YES;
				SWIFT_VERSION = 5.0;
				TARGETED_DEVICE_FAMILY = "1,2";
			};
			name = Debug;
		};
		8AE8CFEB28FECAFF00153BE3 /* Release */ = {
			isa = XCBuildConfiguration;
			buildSettings = {
				ASSETCATALOG_COMPILER_APPICON_NAME = AppIcon;
				ASSETCATALOG_COMPILER_GLOBAL_ACCENT_COLOR_NAME = AccentColor;
				CODE_SIGN_STYLE = Automatic;
				CURRENT_PROJECT_VERSION = 1;
				DEVELOPMENT_ASSET_PATHS = "\"VidaDeInseto/Preview Content\"";
				DEVELOPMENT_TEAM = B7WNA79JAY;
				ENABLE_PREVIEWS = YES;
				GENERATE_INFOPLIST_FILE = YES;
				INFOPLIST_KEY_UIApplicationSceneManifest_Generation = YES;
				INFOPLIST_KEY_UIApplicationSupportsIndirectInputEvents = YES;
				INFOPLIST_KEY_UILaunchScreen_Generation = YES;
				INFOPLIST_KEY_UISupportedInterfaceOrientations_iPad = "UIInterfaceOrientationPortrait UIInterfaceOrientationPortraitUpsideDown UIInterfaceOrientationLandscapeLeft UIInterfaceOrientationLandscapeRight";
				INFOPLIST_KEY_UISupportedInterfaceOrientations_iPhone = "UIInterfaceOrientationPortrait UIInterfaceOrientationLandscapeLeft UIInterfaceOrientationLandscapeRight";
				LD_RUNPATH_SEARCH_PATHS = (
					"$(inherited)",
					"@executable_path/Frameworks",
				);
				MARKETING_VERSION = 1.0;
				PRODUCT_BUNDLE_IDENTIFIER = br.ufpe.cin.academy.VidaDeInseto;
				PRODUCT_NAME = "$(TARGET_NAME)";
				SWIFT_EMIT_LOC_STRINGS = YES;
				SWIFT_VERSION = 5.0;
				TARGETED_DEVICE_FAMILY = "1,2";
			};
			name = Release;
		};
/* End XCBuildConfiguration section */

/* Begin XCConfigurationList section */
		8AE8CFD628FECAFE00153BE3 /* Build configuration list for PBXProject "VidaDeInseto" */ = {
			isa = XCConfigurationList;
			buildConfigurations = (
				8AE8CFE728FECAFF00153BE3 /* Debug */,
				8AE8CFE828FECAFF00153BE3 /* Release */,
			);
			defaultConfigurationIsVisible = 0;
			defaultConfigurationName = Release;
		};
		8AE8CFE928FECAFF00153BE3 /* Build configuration list for PBXNativeTarget "VidaDeInseto" */ = {
			isa = XCConfigurationList;
			buildConfigurations = (
				8AE8CFEA28FECAFF00153BE3 /* Debug */,
				8AE8CFEB28FECAFF00153BE3 /* Release */,
			);
			defaultConfigurationIsVisible = 0;
			defaultConfigurationName = Release;
		};
/* End XCConfigurationList section */
	};
	rootObject = 8AE8CFD328FECAFE00153BE3 /* Project object */;
}
